
Microsoft Visual Studio Solution File, Format Version 12.00
# Visual Studio Version 17
VisualStudioVersion = 17.4.33205.214
MinimumVisualStudioVersion = 10.0.40219.1
Project("{FAE04EC0-301F-11D3-BF4B-00C04F79EFBC}") = "BardAfar", "BardAfar.csproj", "{2B821BC3-5582-45D5-95AA-7D2A6E972587}"
EndProject
Global
	GlobalSection(SolutionConfigurationPlatforms) = preSolution
		Debug|Any CPU = Debug|Any CPU
		Release|Any CPU = Release|Any CPU
	EndGlobalSection
	GlobalSection(ProjectConfigurationPlatforms) = postSolution
		{2B821BC3-5582-45D5-95AA-7D2A6E972587}.Debug|Any CPU.ActiveCfg = Debug|Any CPU
		{2B821BC3-5582-45D5-95AA-7D2A6E972587}.Debug|Any CPU.Build.0 = Debug|Any CPU
		{2B821BC3-5582-45D5-95AA-7D2A6E972587}.Release|Any CPU.ActiveCfg = Release|Any CPU
		{2B821BC3-5582-45D5-95AA-7D2A6E972587}.Release|Any CPU.Build.0 = Release|Any CPU
	EndGlobalSection
	GlobalSection(SolutionProperties) = preSolution
		HideSolutionNode = FALSE
	EndGlobalSection
	GlobalSection(ExtensibilityGlobals) = postSolution
		SolutionGuid = {8E06901F-D28C-4B31-9732-42798D119211}
	EndGlobalSection
EndGlobal
